
Microsoft Visual Studio Solution File, Format Version 12.00
# Visual Studio Version 17
VisualStudioVersion = 17.3.32922.545
MinimumVisualStudioVersion = 10.0.40219.1
Project("{9A19103F-16F7-4668-BE54-9A1E7A4F7556}") = "NSCS", "NSCS\NSCS.csproj", "{DBA74C8F-BCA3-458E-B82A-242B4915228C}"
EndProject
Project("{9A19103F-16F7-4668-BE54-9A1E7A4F7556}") = "NSCS.WinApp", "NSCS.WinApp\NSCS.WinApp.csproj", "{2CE902B6-A4DD-46BD-ADBE-22F840F8AD88}"
EndProject
Global
	GlobalSection(SolutionConfigurationPlatforms) = preSolution
		Debug|Any CPU = Debug|Any CPU
		Release|Any CPU = Release|Any CPU
	EndGlobalSection
	GlobalSection(ProjectConfigurationPlatforms) = postSolution
		{DBA74C8F-BCA3-458E-B82A-242B4915228C}.Debug|Any CPU.ActiveCfg = Debug|Any CPU
		{DBA74C8F-BCA3-458E-B82A-242B4915228C}.Debug|Any CPU.Build.0 = Debug|Any CPU
		{DBA74C8F-BCA3-458E-B82A-242B4915228C}.Release|Any CPU.ActiveCfg = Release|Any CPU
		{DBA74C8F-BCA3-458E-B82A-242B4915228C}.Release|Any CPU.Build.0 = Release|Any CPU
		{2CE902B6-A4DD-46BD-ADBE-22F840F8AD88}.Debug|Any CPU.ActiveCfg = Debug|Any CPU
		{2CE902B6-A4DD-46BD-ADBE-22F840F8AD88}.Debug|Any CPU.Build.0 = Debug|Any CPU
		{2CE902B6-A4DD-46BD-ADBE-22F840F8AD88}.Release|Any CPU.ActiveCfg = Release|Any CPU
		{2CE902B6-A4DD-46BD-ADBE-22F840F8AD88}.Release|Any CPU.Build.0 = Release|Any CPU
	EndGlobalSection
	GlobalSection(SolutionProperties) = preSolution
		HideSolutionNode = FALSE
	EndGlobalSection
	GlobalSection(ExtensibilityGlobals) = postSolution
		SolutionGuid = {35BF07BE-B8DD-4280-B5E2-21C961725BA4}
	EndGlobalSection
EndGlobal
